
Microsoft Visual Studio Solution File, Format Version 12.00
# Visual Studio 15
VisualStudioVersion = 15.0.28307.168
MinimumVisualStudioVersion = 10.0.40219.1
Project("{FAE04EC0-301F-11D3-BF4B-00C04F79EFBC}") = "PizzariaJuniors", "PizzariaJuniors\PizzariaJuniors.csproj", "{CF705681-BD05-4D7F-847D-BADE777EA21A}"
EndProject
Global
	GlobalSection(SolutionConfigurationPlatforms) = preSolution
		Debug|Any CPU = Debug|Any CPU
		Release|Any CPU = Release|Any CPU
	EndGlobalSection
	GlobalSection(ProjectConfigurationPlatforms) = postSolution
		{CF705681-BD05-4D7F-847D-BADE777EA21A}.Debug|Any CPU.ActiveCfg = Debug|Any CPU
		{CF705681-BD05-4D7F-847D-BADE777EA21A}.Debug|Any CPU.Build.0 = Debug|Any CPU
		{CF705681-BD05-4D7F-847D-BADE777EA21A}.Release|Any CPU.ActiveCfg = Release|Any CPU
		{CF705681-BD05-4D7F-847D-BADE777EA21A}.Release|Any CPU.Build.0 = Release|Any CPU
	EndGlobalSection
	GlobalSection(SolutionProperties) = preSolution
		HideSolutionNode = FALSE
	EndGlobalSection
	GlobalSection(ExtensibilityGlobals) = postSolution
		SolutionGuid = {D232FAC0-E894-4D3F-A5A1-55B6742253ED}
	EndGlobalSection
EndGlobal
